
Microsoft Visual Studio Solution File, Format Version 12.00
# Visual Studio Version 17
VisualStudioVersion = 17.13.35931.197
MinimumVisualStudioVersion = 10.0.40219.1
Project("{54A90642-561A-4BB1-A94E-469ADEE60C69}") = "envanalysisapp.client", "envanalysisapp.client\envanalysisapp.client.esproj", "{5B0ACEC8-7F1E-AD44-7E32-AC4E26BCAD82}"
EndProject
Project("{FAE04EC0-301F-11D3-BF4B-00C04F79EFBC}") = "EnvAnalysisApp.Server", "EnvAnalysisApp.Server\EnvAnalysisApp.Server.csproj", "{5CE85992-4A88-41F6-A147-BA967A75F36B}"
EndProject
Project("{FAE04EC0-301F-11D3-BF4B-00C04F79EFBC}") = "EnvAnalysisServerTests", "EnvAnalysisServerTests\EnvAnalysisServerTests.csproj", "{FED0B970-BE6D-4A2C-B53D-79C804BE799D}"
EndProject
Global
	GlobalSection(SolutionConfigurationPlatforms) = preSolution
		Debug|Any CPU = Debug|Any CPU
		Release|Any CPU = Release|Any CPU
	EndGlobalSection
	GlobalSection(ProjectConfigurationPlatforms) = postSolution
		{5B0ACEC8-7F1E-AD44-7E32-AC4E26BCAD82}.Debug|Any CPU.ActiveCfg = Debug|Any CPU
		{5B0ACEC8-7F1E-AD44-7E32-AC4E26BCAD82}.Debug|Any CPU.Build.0 = Debug|Any CPU
		{5B0ACEC8-7F1E-AD44-7E32-AC4E26BCAD82}.Debug|Any CPU.Deploy.0 = Debug|Any CPU
		{5B0ACEC8-7F1E-AD44-7E32-AC4E26BCAD82}.Release|Any CPU.ActiveCfg = Release|Any CPU
		{5B0ACEC8-7F1E-AD44-7E32-AC4E26BCAD82}.Release|Any CPU.Build.0 = Release|Any CPU
		{5B0ACEC8-7F1E-AD44-7E32-AC4E26BCAD82}.Release|Any CPU.Deploy.0 = Release|Any CPU
		{5CE85992-4A88-41F6-A147-BA967A75F36B}.Debug|Any CPU.ActiveCfg = Debug|Any CPU
		{5CE85992-4A88-41F6-A147-BA967A75F36B}.Debug|Any CPU.Build.0 = Debug|Any CPU
		{5CE85992-4A88-41F6-A147-BA967A75F36B}.Release|Any CPU.ActiveCfg = Release|Any CPU
		{5CE85992-4A88-41F6-A147-BA967A75F36B}.Release|Any CPU.Build.0 = Release|Any CPU
		{FED0B970-BE6D-4A2C-B53D-79C804BE799D}.Debug|Any CPU.ActiveCfg = Debug|Any CPU
		{FED0B970-BE6D-4A2C-B53D-79C804BE799D}.Debug|Any CPU.Build.0 = Debug|Any CPU
		{FED0B970-BE6D-4A2C-B53D-79C804BE799D}.Release|Any CPU.ActiveCfg = Release|Any CPU
		{FED0B970-BE6D-4A2C-B53D-79C804BE799D}.Release|Any CPU.Build.0 = Release|Any CPU
	EndGlobalSection
	GlobalSection(SolutionProperties) = preSolution
		HideSolutionNode = FALSE
	EndGlobalSection
	GlobalSection(ExtensibilityGlobals) = postSolution
		SolutionGuid = {DAB385A1-7DBC-47D7-8427-3EDA5FB57DDE}
	EndGlobalSection
EndGlobal
